// !$*UTF8*$!
{
	archiveVersion = 1;
	classes = {
	};
	objectVersion = 46;
	objects = {

/* Begin PBXBuildFile section */
		6E10705B18859A2A002E245E /* Foundation.framework in Frameworks */ = {isa = PBXBuildFile; fileRef = 6E10705A18859A2A002E245E /* Foundation.framework */; };
		6E10705D18859A2A002E245E /* CoreGraphics.framework in Frameworks */ = {isa = PBXBuildFile; fileRef = 6E10705C18859A2A002E245E /* CoreGraphics.framework */; };
		6E10705F18859A2A002E245E /* UIKit.framework in Frameworks */ = {isa = PBXBuildFile; fileRef = 6E10705E18859A2A002E245E /* UIKit.framework */; };
		6E10706518859A2A002E245E /* InfoPlist.strings in Resources */ = {isa = PBXBuildFile; fileRef = 6E10706318859A2A002E245E /* InfoPlist.strings */; };
		6E10706718859A2A002E245E /* main.m in Sources */ = {isa = PBXBuildFile; fileRef = 6E10706618859A2A002E245E /* main.m */; };
		6E10706B18859A2A002E245E /* AppDelegate.m in Sources */ = {isa = PBXBuildFile; fileRef = 6E10706A18859A2A002E245E /* AppDelegate.m */; };
		6E10706E18859A2A002E245E /* Main.storyboard in Resources */ = {isa = PBXBuildFile; fileRef = 6E10706C18859A2A002E245E /* Main.storyboard */; };
		6E10707118859A2A002E245E /* ViewController.m in Sources */ = {isa = PBXBuildFile; fileRef = 6E10707018859A2A002E245E /* ViewController.m */; };
		6E10707318859A2A002E245E /* Images.xcassets in Resources */ = {isa = PBXBuildFile; fileRef = 6E10707218859A2A002E245E /* Images.xcassets */; };
		6E10707A18859A2A002E245E /* XCTest.framework in Frameworks */ = {isa = PBXBuildFile; fileRef = 6E10707918859A2A002E245E /* XCTest.framework */; };
		6E10707B18859A2A002E245E /* Foundation.framework in Frameworks */ = {isa = PBXBuildFile; fileRef = 6E10705A18859A2A002E245E /* Foundation.framework */; };
		6E10707C18859A2A002E245E /* UIKit.framework in Frameworks */ = {isa = PBXBuildFile; fileRef = 6E10705E18859A2A002E245E /* UIKit.framework */; };
		6E10708418859A2A002E245E /* InfoPlist.strings in Resources */ = {isa = PBXBuildFile; fileRef = 6E10708218859A2A002E245E /* InfoPlist.strings */; };
		6E10708618859A2A002E245E /* InsecureCryptographyDecryptorTests.m in Sources */ = {isa = PBXBuildFile; fileRef = 6E10708518859A2A002E245E /* InsecureCryptographyDecryptorTests.m */; };
		6E9F321C1885A1BC00899538 /* RNDecryptor.m in Sources */ = {isa = PBXBuildFile; fileRef = 6E9F321B1885A1BC00899538 /* RNDecryptor.m */; };
		6E9F321D1885A1BC00899538 /* RNDecryptor.m in Sources */ = {isa = PBXBuildFile; fileRef = 6E9F321B1885A1BC00899538 /* RNDecryptor.m */; };
		6E9F32201885A2D900899538 /* RNCryptor.m in Sources */ = {isa = PBXBuildFile; fileRef = 6E9F321F1885A2D900899538 /* RNCryptor.m */; };
		6E9F32211885A2D900899538 /* RNCryptor.m in Sources */ = {isa = PBXBuildFile; fileRef = 6E9F321F1885A2D900899538 /* RNCryptor.m */; };
		6E9F322E1885A33A00899538 /* RNCryptorEngine.m in Sources */ = {isa = PBXBuildFile; fileRef = 6E9F32251885A33A00899538 /* RNCryptorEngine.m */; };
		6E9F322F1885A33A00899538 /* RNCryptorEngine.m in Sources */ = {isa = PBXBuildFile; fileRef = 6E9F32251885A33A00899538 /* RNCryptorEngine.m */; };
		6E9F32301885A33A00899538 /* RNEncryptor.m in Sources */ = {isa = PBXBuildFile; fileRef = 6E9F32271885A33A00899538 /* RNEncryptor.m */; };
		6E9F32311885A33A00899538 /* RNEncryptor.m in Sources */ = {isa = PBXBuildFile; fileRef = 6E9F32271885A33A00899538 /* RNEncryptor.m */; };
		6E9F32321885A33A00899538 /* RNOpenSSLCryptor.m in Sources */ = {isa = PBXBuildFile; fileRef = 6E9F32291885A33A00899538 /* RNOpenSSLCryptor.m */; };
		6E9F32331885A33A00899538 /* RNOpenSSLCryptor.m in Sources */ = {isa = PBXBuildFile; fileRef = 6E9F32291885A33A00899538 /* RNOpenSSLCryptor.m */; };
		6E9F32341885A33A00899538 /* RNOpenSSLDecryptor.m in Sources */ = {isa = PBXBuildFile; fileRef = 6E9F322B1885A33A00899538 /* RNOpenSSLDecryptor.m */; };
		6E9F32351885A33A00899538 /* RNOpenSSLDecryptor.m in Sources */ = {isa = PBXBuildFile; fileRef = 6E9F322B1885A33A00899538 /* RNOpenSSLDecryptor.m */; };
		6E9F32361885A33A00899538 /* RNOpenSSLEncryptor.m in Sources */ = {isa = PBXBuildFile; fileRef = 6E9F322D1885A33A00899538 /* RNOpenSSLEncryptor.m */; };
		6E9F32371885A33A00899538 /* RNOpenSSLEncryptor.m in Sources */ = {isa = PBXBuildFile; fileRef = 6E9F322D1885A33A00899538 /* RNOpenSSLEncryptor.m */; };
/* End PBXBuildFile section */

/* Begin PBXContainerItemProxy section */
		6E10707D18859A2A002E245E /* PBXContainerItemProxy */ = {
			isa = PBXContainerItemProxy;
			containerPortal = 6E10704F18859A2A002E245E /* Project object */;
			proxyType = 1;
			remoteGlobalIDString = 6E10705618859A2A002E245E;
			remoteInfo = InsecureCryptographyDecryptor;
		};
/* End PBXContainerItemProxy section */

/* Begin PBXFileReference section */
		6E10705718859A2A002E245E /* InsecureCryptographyDecryptor.app */ = {isa = PBXFileReference; explicitFileType = wrapper.application; includeInIndex = 0; path = InsecureCryptographyDecryptor.app; sourceTree = BUILT_PRODUCTS_DIR; };
		6E10705A18859A2A002E245E /* Foundation.framework */ = {isa = PBXFileReference; lastKnownFileType = wrapper.framework; name = Foundation.framework; path = System/Library/Frameworks/Foundation.framework; sourceTree = SDKROOT; };
		6E10705C18859A2A002E245E /* CoreGraphics.framework */ = {isa = PBXFileReference; lastKnownFileType = wrapper.framework; name = CoreGraphics.framework; path = System/Library/Frameworks/CoreGraphics.framework; sourceTree = SDKROOT; };
		6E10705E18859A2A002E245E /* UIKit.framework */ = {isa = PBXFileReference; lastKnownFileType = wrapper.framework; name = UIKit.framework; path = System/Library/Frameworks/UIKit.framework; sourceTree = SDKROOT; };
		6E10706218859A2A002E245E /* InsecureCryptographyDecryptor-Info.plist */ = {isa = PBXFileReference; lastKnownFileType = text.plist.xml; path = "InsecureCryptographyDecryptor-Info.plist"; sourceTree = "<group>"; };
		6E10706418859A2A002E245E /* en */ = {isa = PBXFileReference; lastKnownFileType = text.plist.strings; name = en; path = en.lproj/InfoPlist.strings; sourceTree = "<group>"; };
		6E10706618859A2A002E245E /* main.m */ = {isa = PBXFileReference; lastKnownFileType = sourcecode.c.objc; path = main.m; sourceTree = "<group>"; };
		6E10706818859A2A002E245E /* InsecureCryptographyDecryptor-Prefix.pch */ = {isa = PBXFileReference; lastKnownFileType = sourcecode.c.h; path = "InsecureCryptographyDecryptor-Prefix.pch"; sourceTree = "<group>"; };
		6E10706918859A2A002E245E /* AppDelegate.h */ = {isa = PBXFileReference; lastKnownFileType = sourcecode.c.h; path = AppDelegate.h; sourceTree = "<group>"; };
		6E10706A18859A2A002E245E /* AppDelegate.m */ = {isa = PBXFileReference; lastKnownFileType = sourcecode.c.objc; path = AppDelegate.m; sourceTree = "<group>"; };
		6E10706D18859A2A002E245E /* Base */ = {isa = PBXFileReference; lastKnownFileType = file.storyboard; name = Base; path = Base.lproj/Main.storyboard; sourceTree = "<group>"; };
		6E10706F18859A2A002E245E /* ViewController.h */ = {isa = PBXFileReference; lastKnownFileType = sourcecode.c.h; path = ViewController.h; sourceTree = "<group>"; };
		6E10707018859A2A002E245E /* ViewController.m */ = {isa = PBXFileReference; lastKnownFileType = sourcecode.c.objc; path = ViewController.m; sourceTree = "<group>"; };
		6E10707218859A2A002E245E /* Images.xcassets */ = {isa = PBXFileReference; lastKnownFileType = folder.assetcatalog; path = Images.xcassets; sourceTree = "<group>"; };
		6E10707818859A2A002E245E /* InsecureCryptographyDecryptorTests.xctest */ = {isa = PBXFileReference; explicitFileType = wrapper.cfbundle; includeInIndex = 0; path = InsecureCryptographyDecryptorTests.xctest; sourceTree = BUILT_PRODUCTS_DIR; };
		6E10707918859A2A002E245E /* XCTest.framework */ = {isa = PBXFileReference; lastKnownFileType = wrapper.framework; name = XCTest.framework; path = Library/Frameworks/XCTest.framework; sourceTree = DEVELOPER_DIR; };
		6E10708118859A2A002E245E /* InsecureCryptographyDecryptorTests-Info.plist */ = {isa = PBXFileReference; lastKnownFileType = text.plist.xml; path = "InsecureCryptographyDecryptorTests-Info.plist"; sourceTree = "<group>"; };
		6E10708318859A2A002E245E /* en */ = {isa = PBXFileReference; lastKnownFileType = text.plist.strings; name = en; path = en.lproj/InfoPlist.strings; sourceTree = "<group>"; };
		6E10708518859A2A002E245E /* InsecureCryptographyDecryptorTests.m */ = {isa = PBXFileReference; lastKnownFileType = sourcecode.c.objc; path = InsecureCryptographyDecryptorTests.m; sourceTree = "<group>"; };
		6E9F321A1885A1BC00899538 /* RNDecryptor.h */ = {isa = PBXFileReference; fileEncoding = 4; lastKnownFileType = sourcecode.c.h; path = RNDecryptor.h; sourceTree = "<group>"; };
		6E9F321B1885A1BC00899538 /* RNDecryptor.m */ = {isa = PBXFileReference; fileEncoding = 4; lastKnownFileType = sourcecode.c.objc; path = RNDecryptor.m; sourceTree = "<group>"; };
		6E9F321E1885A2D900899538 /* RNCryptor.h */ = {isa = PBXFileReference; fileEncoding = 4; lastKnownFileType = sourcecode.c.h; path = RNCryptor.h; sourceTree = "<group>"; };
		6E9F321F1885A2D900899538 /* RNCryptor.m */ = {isa = PBXFileReference; fileEncoding = 4; lastKnownFileType = sourcecode.c.objc; path = RNCryptor.m; sourceTree = "<group>"; };
		6E9F32221885A2FF00899538 /* RNCryptor+Private.h */ = {isa = PBXFileReference; fileEncoding = 4; lastKnownFileType = sourcecode.c.h; path = "RNCryptor+Private.h"; sourceTree = "<group>"; };
		6E9F32231885A33A00899538 /* RNCryptor-Prefix.pch */ = {isa = PBXFileReference; fileEncoding = 4; lastKnownFileType = sourcecode.c.h; path = "RNCryptor-Prefix.pch"; sourceTree = "<group>"; };
		6E9F32241885A33A00899538 /* RNCryptorEngine.h */ = {isa = PBXFileReference; fileEncoding = 4; lastKnownFileType = sourcecode.c.h; path = RNCryptorEngine.h; sourceTree = "<group>"; };
		6E9F32251885A33A00899538 /* RNCryptorEngine.m */ = {isa = PBXFileReference; fileEncoding = 4; lastKnownFileType = sourcecode.c.objc; path = RNCryptorEngine.m; sourceTree = "<group>"; };
		6E9F32261885A33A00899538 /* RNEncryptor.h */ = {isa = PBXFileReference; fileEncoding = 4; lastKnownFileType = sourcecode.c.h; path = RNEncryptor.h; sourceTree = "<group>"; };
		6E9F32271885A33A00899538 /* RNEncryptor.m */ = {isa = PBXFileReference; fileEncoding = 4; lastKnownFileType = sourcecode.c.objc; path = RNEncryptor.m; sourceTree = "<group>"; };
		6E9F32281885A33A00899538 /* RNOpenSSLCryptor.h */ = {isa = PBXFileReference; fileEncoding = 4; lastKnownFileType = sourcecode.c.h; path = RNOpenSSLCryptor.h; sourceTree = "<group>"; };
		6E9F32291885A33A00899538 /* RNOpenSSLCryptor.m */ = {isa = PBXFileReference; fileEncoding = 4; lastKnownFileType = sourcecode.c.objc; path = RNOpenSSLCryptor.m; sourceTree = "<group>"; };
		6E9F322A1885A33A00899538 /* RNOpenSSLDecryptor.h */ = {isa = PBXFileReference; fileEncoding = 4; lastKnownFileType = sourcecode.c.h; path = RNOpenSSLDecryptor.h; sourceTree = "<group>"; };
		6E9F322B1885A33A00899538 /* RNOpenSSLDecryptor.m */ = {isa = PBXFileReference; fileEncoding = 4; lastKnownFileType = sourcecode.c.objc; path = RNOpenSSLDecryptor.m; sourceTree = "<group>"; };
		6E9F322C1885A33A00899538 /* RNOpenSSLEncryptor.h */ = {isa = PBXFileReference; fileEncoding = 4; lastKnownFileType = sourcecode.c.h; path = RNOpenSSLEncryptor.h; sourceTree = "<group>"; };
		6E9F322D1885A33A00899538 /* RNOpenSSLEncryptor.m */ = {isa = PBXFileReference; fileEncoding = 4; lastKnownFileType = sourcecode.c.objc; path = RNOpenSSLEncryptor.m; sourceTree = "<group>"; };
/* End PBXFileReference section */

/* Begin PBXFrameworksBuildPhase section */
		6E10705418859A2A002E245E /* Frameworks */ = {
			isa = PBXFrameworksBuildPhase;
			buildActionMask = 2147483647;
			files = (
				6E10705D18859A2A002E245E /* CoreGraphics.framework in Frameworks */,
				6E10705F18859A2A002E245E /* UIKit.framework in Frameworks */,
				6E10705B18859A2A002E245E /* Foundation.framework in Frameworks */,
			);
			runOnlyForDeploymentPostprocessing = 0;
		};
		6E10707518859A2A002E245E /* Frameworks */ = {
			isa = PBXFrameworksBuildPhase;
			buildActionMask = 2147483647;
			files = (
				6E10707A18859A2A002E245E /* XCTest.framework in Frameworks */,
				6E10707C18859A2A002E245E /* UIKit.framework in Frameworks */,
				6E10707B18859A2A002E245E /* Foundation.framework in Frameworks */,
			);
			runOnlyForDeploymentPostprocessing = 0;
		};
/* End PBXFrameworksBuildPhase section */

/* Begin PBXGroup section */
		6E10704E18859A2A002E245E = {
			isa = PBXGroup;
			children = (
				6E10706018859A2A002E245E /* InsecureCryptographyDecryptor */,
				6E10707F18859A2A002E245E /* InsecureCryptographyDecryptorTests */,
				6E10705918859A2A002E245E /* Frameworks */,
				6E10705818859A2A002E245E /* Products */,
			);
			sourceTree = "<group>";
		};
		6E10705818859A2A002E245E /* Products */ = {
			isa = PBXGroup;
			children = (
				6E10705718859A2A002E245E /* InsecureCryptographyDecryptor.app */,
				6E10707818859A2A002E245E /* InsecureCryptographyDecryptorTests.xctest */,
			);
			name = Products;
			sourceTree = "<group>";
		};
		6E10705918859A2A002E245E /* Frameworks */ = {
			isa = PBXGroup;
			children = (
				6E10705A18859A2A002E245E /* Foundation.framework */,
				6E10705C18859A2A002E245E /* CoreGraphics.framework */,
				6E10705E18859A2A002E245E /* UIKit.framework */,
				6E10707918859A2A002E245E /* XCTest.framework */,
			);
			name = Frameworks;
			sourceTree = "<group>";
		};
		6E10706018859A2A002E245E /* InsecureCryptographyDecryptor */ = {
			isa = PBXGroup;
			children = (
				6E10706918859A2A002E245E /* AppDelegate.h */,
				6E10706A18859A2A002E245E /* AppDelegate.m */,
				6E10706C18859A2A002E245E /* Main.storyboard */,
				6E10706F18859A2A002E245E /* ViewController.h */,
				6E10707018859A2A002E245E /* ViewController.m */,
				6E9F32191885A1AD00899538 /* RNCryptor */,
				6E10707218859A2A002E245E /* Images.xcassets */,
				6E10706118859A2A002E245E /* Supporting Files */,
			);
			path = InsecureCryptographyDecryptor;
			sourceTree = "<group>";
		};
		6E10706118859A2A002E245E /* Supporting Files */ = {
			isa = PBXGroup;
			children = (
				6E10706218859A2A002E245E /* InsecureCryptographyDecryptor-Info.plist */,
				6E10706318859A2A002E245E /* InfoPlist.strings */,
				6E10706618859A2A002E245E /* main.m */,
				6E10706818859A2A002E245E /* InsecureCryptographyDecryptor-Prefix.pch */,
			);
			name = "Supporting Files";
			sourceTree = "<group>";
		};
		6E10707F18859A2A002E245E /* InsecureCryptographyDecryptorTests */ = {
			isa = PBXGroup;
			children = (
				6E10708518859A2A002E245E /* InsecureCryptographyDecryptorTests.m */,
				6E10708018859A2A002E245E /* Supporting Files */,
			);
			path = InsecureCryptographyDecryptorTests;
			sourceTree = "<group>";
		};
		6E10708018859A2A002E245E /* Supporting Files */ = {
			isa = PBXGroup;
			children = (
				6E10708118859A2A002E245E /* InsecureCryptographyDecryptorTests-Info.plist */,
				6E10708218859A2A002E245E /* InfoPlist.strings */,
			);
			name = "Supporting Files";
			sourceTree = "<group>";
		};
		6E9F32191885A1AD00899538 /* RNCryptor */ = {
			isa = PBXGroup;
			children = (
				6E9F321E1885A2D900899538 /* RNCryptor.h */,
				6E9F321F1885A2D900899538 /* RNCryptor.m */,
				6E9F32231885A33A00899538 /* RNCryptor-Prefix.pch */,
				6E9F32221885A2FF00899538 /* RNCryptor+Private.h */,
				6E9F32241885A33A00899538 /* RNCryptorEngine.h */,
				6E9F32251885A33A00899538 /* RNCryptorEngine.m */,
				6E9F32261885A33A00899538 /* RNEncryptor.h */,
				6E9F32271885A33A00899538 /* RNEncryptor.m */,
				6E9F32281885A33A00899538 /* RNOpenSSLCryptor.h */,
				6E9F32291885A33A00899538 /* RNOpenSSLCryptor.m */,
				6E9F322A1885A33A00899538 /* RNOpenSSLDecryptor.h */,
				6E9F322B1885A33A00899538 /* RNOpenSSLDecryptor.m */,
				6E9F322C1885A33A00899538 /* RNOpenSSLEncryptor.h */,
				6E9F322D1885A33A00899538 /* RNOpenSSLEncryptor.m */,
				6E9F321A1885A1BC00899538 /* RNDecryptor.h */,
				6E9F321B1885A1BC00899538 /* RNDecryptor.m */,
			);
			name = RNCryptor;
			sourceTree = "<group>";
		};
/* End PBXGroup section */

/* Begin PBXNativeTarget section */
		6E10705618859A2A002E245E /* InsecureCryptographyDecryptor */ = {
			isa = PBXNativeTarget;
			buildConfigurationList = 6E10708918859A2A002E245E /* Build configuration list for PBXNativeTarget "InsecureCryptographyDecryptor" */;
			buildPhases = (
				6E10705318859A2A002E245E /* Sources */,
				6E10705418859A2A002E245E /* Frameworks */,
				6E10705518859A2A002E245E /* Resources */,
			);
			buildRules = (
			);
			dependencies = (
			);
			name = InsecureCryptographyDecryptor;
			productName = InsecureCryptographyDecryptor;
			productReference = 6E10705718859A2A002E245E /* InsecureCryptographyDecryptor.app */;
			productType = "com.apple.product-type.application";
		};
		6E10707718859A2A002E245E /* InsecureCryptographyDecryptorTests */ = {
			isa = PBXNativeTarget;
			buildConfigurationList = 6E10708C18859A2A002E245E /* Build configuration list for PBXNativeTarget "InsecureCryptographyDecryptorTests" */;
			buildPhases = (
				6E10707418859A2A002E245E /* Sources */,
				6E10707518859A2A002E245E /* Frameworks */,
				6E10707618859A2A002E245E /* Resources */,
			);
			buildRules = (
			);
			dependencies = (
				6E10707E18859A2A002E245E /* PBXTargetDependency */,
			);
			name = InsecureCryptographyDecryptorTests;
			productName = InsecureCryptographyDecryptorTests;
			productReference = 6E10707818859A2A002E245E /* InsecureCryptographyDecryptorTests.xctest */;
			productType = "com.apple.product-type.bundle.unit-test";
		};
/* End PBXNativeTarget section */

/* Begin PBXProject section */
		6E10704F18859A2A002E245E /* Project object */ = {
			isa = PBXProject;
			attributes = {
				LastUpgradeCheck = 0500;
				ORGANIZATIONNAME = HighAltitudeHacks.com;
				TargetAttributes = {
					6E10707718859A2A002E245E = {
						TestTargetID = 6E10705618859A2A002E245E;
					};
				};
			};
			buildConfigurationList = 6E10705218859A2A002E245E /* Build configuration list for PBXProject "InsecureCryptographyDecryptor" */;
			compatibilityVersion = "Xcode 3.2";
			developmentRegion = English;
			hasScannedForEncodings = 0;
			knownRegions = (
				en,
				Base,
			);
			mainGroup = 6E10704E18859A2A002E245E;
			productRefGroup = 6E10705818859A2A002E245E /* Products */;
			projectDirPath = "";
			projectRoot = "";
			targets = (
				6E10705618859A2A002E245E /* InsecureCryptographyDecryptor */,
				6E10707718859A2A002E245E /* InsecureCryptographyDecryptorTests */,
			);
		};
/* End PBXProject section */

/* Begin PBXResourcesBuildPhase section */
		6E10705518859A2A002E245E /* Resources */ = {
			isa = PBXResourcesBuildPhase;
			buildActionMask = 2147483647;
			files = (
				6E10707318859A2A002E245E /* Images.xcassets in Resources */,
				6E10706518859A2A002E245E /* InfoPlist.strings in Resources */,
				6E10706E18859A2A002E245E /* Main.storyboard in Resources */,
			);
			runOnlyForDeploymentPostprocessing = 0;
		};
		6E10707618859A2A002E245E /* Resources */ = {
			isa = PBXResourcesBuildPhase;
			buildActionMask = 2147483647;
			files = (
				6E10708418859A2A002E245E /* InfoPlist.strings in Resources */,
			);
			runOnlyForDeploymentPostprocessing = 0;
		};
/* End PBXResourcesBuildPhase section */

/* Begin PBXSourcesBuildPhase section */
		6E10705318859A2A002E245E /* Sources */ = {
			isa = PBXSourcesBuildPhase;
			buildActionMask = 2147483647;
			files = (
				6E9F32301885A33A00899538 /* RNEncryptor.m in Sources */,
				6E9F321C1885A1BC00899538 /* RNDecryptor.m in Sources */,
				6E10707118859A2A002E245E /* ViewController.m in Sources */,
				6E10706B18859A2A002E245E /* AppDelegate.m in Sources */,
				6E9F32321885A33A00899538 /* RNOpenSSLCryptor.m in Sources */,
				6E9F322E1885A33A00899538 /* RNCryptorEngine.m in Sources */,
				6E10706718859A2A002E245E /* main.m in Sources */,
				6E9F32361885A33A00899538 /* RNOpenSSLEncryptor.m in Sources */,
				6E9F32201885A2D900899538 /* RNCryptor.m in Sources */,
				6E9F32341885A33A00899538 /* RNOpenSSLDecryptor.m in Sources */,
			);
			runOnlyForDeploymentPostprocessing = 0;
		};
		6E10707418859A2A002E245E /* Sources */ = {
			isa = PBXSourcesBuildPhase;
			buildActionMask = 2147483647;
			files = (
				6E9F321D1885A1BC00899538 /* RNDecryptor.m in Sources */,
				6E9F32371885A33A00899538 /* RNOpenSSLEncryptor.m in Sources */,
				6E9F322F1885A33A00899538 /* RNCryptorEngine.m in Sources */,
				6E9F32331885A33A00899538 /* RNOpenSSLCryptor.m in Sources */,
				6E9F32311885A33A00899538 /* RNEncryptor.m in Sources */,
				6E10708618859A2A002E245E /* InsecureCryptographyDecryptorTests.m in Sources */,
				6E9F32351885A33A00899538 /* RNOpenSSLDecryptor.m in Sources */,
				6E9F32211885A2D900899538 /* RNCryptor.m in Sources */,
			);
			runOnlyForDeploymentPostprocessing = 0;
		};
/* End PBXSourcesBuildPhase section */

/* Begin PBXTargetDependency section */
		6E10707E18859A2A002E245E /* PBXTargetDependency */ = {
			isa = PBXTargetDependency;
			target = 6E10705618859A2A002E245E /* InsecureCryptographyDecryptor */;
			targetProxy = 6E10707D18859A2A002E245E /* PBXContainerItemProxy */;
		};
/* End PBXTargetDependency section */

/* Begin PBXVariantGroup section */
		6E10706318859A2A002E245E /* InfoPlist.strings */ = {
			isa = PBXVariantGroup;
			children = (
				6E10706418859A2A002E245E /* en */,
			);
			name = InfoPlist.strings;
			sourceTree = "<group>";
		};
		6E10706C18859A2A002E245E /* Main.storyboard */ = {
			isa = PBXVariantGroup;
			children = (
				6E10706D18859A2A002E245E /* Base */,
			);
			name = Main.storyboard;
			sourceTree = "<group>";
		};
		6E10708218859A2A002E245E /* InfoPlist.strings */ = {
			isa = PBXVariantGroup;
			children = (
				6E10708318859A2A002E245E /* en */,
			);
			name = InfoPlist.strings;
			sourceTree = "<group>";
		};
/* End PBXVariantGroup section */

/* Begin XCBuildConfiguration section */
		6E10708718859A2A002E245E /* Debug */ = {
			isa = XCBuildConfiguration;
			buildSettings = {
				ALWAYS_SEARCH_USER_PATHS = NO;
				ARCHS = "$(ARCHS_STANDARD_INCLUDING_64_BIT)";
				CLANG_CXX_LANGUAGE_STANDARD = "gnu++0x";
				CLANG_CXX_LIBRARY = "libc++";
				CLANG_ENABLE_MODULES = YES;
				CLANG_ENABLE_OBJC_ARC = YES;
				CLANG_WARN_BOOL_CONVERSION = YES;
				CLANG_WARN_CONSTANT_CONVERSION = YES;
				CLANG_WARN_DIRECT_OBJC_ISA_USAGE = YES_ERROR;
				CLANG_WARN_EMPTY_BODY = YES;
				CLANG_WARN_ENUM_CONVERSION = YES;
				CLANG_WARN_INT_CONVERSION = YES;
				CLANG_WARN_OBJC_ROOT_CLASS = YES_ERROR;
				CLANG_WARN__DUPLICATE_METHOD_MATCH = YES;
				"CODE_SIGN_IDENTITY[sdk=iphoneos*]" = "iPhone Developer";
				COPY_PHASE_STRIP = NO;
				GCC_C_LANGUAGE_STANDARD = gnu99;
				GCC_DYNAMIC_NO_PIC = NO;
				GCC_OPTIMIZATION_LEVEL = 0;
				GCC_PREPROCESSOR_DEFINITIONS = (
					"DEBUG=1",
					"$(inherited)",
				);
				GCC_SYMBOLS_PRIVATE_EXTERN = NO;
				GCC_WARN_64_TO_32_BIT_CONVERSION = YES;
				GCC_WARN_ABOUT_RETURN_TYPE = YES_ERROR;
				GCC_WARN_UNDECLARED_SELECTOR = YES;
				GCC_WARN_UNINITIALIZED_AUTOS = YES;
				GCC_WARN_UNUSED_FUNCTION = YES;
				GCC_WARN_UNUSED_VARIABLE = YES;
				IPHONEOS_DEPLOYMENT_TARGET = 7.0;
				ONLY_ACTIVE_ARCH = YES;
				SDKROOT = iphoneos;
			};
			name = Debug;
		};
		6E10708818859A2A002E245E /* Release */ = {
			isa = XCBuildConfiguration;
			buildSettings = {
				ALWAYS_SEARCH_USER_PATHS = NO;
				ARCHS = "$(ARCHS_STANDARD_INCLUDING_64_BIT)";
				CLANG_CXX_LANGUAGE_STANDARD = "gnu++0x";
				CLANG_CXX_LIBRARY = "libc++";
				CLANG_ENABLE_MODULES = YES;
				CLANG_ENABLE_OBJC_ARC = YES;
				CLANG_WARN_BOOL_CONVERSION = YES;
				CLANG_WARN_CONSTANT_CONVERSION = YES;
				CLANG_WARN_DIRECT_OBJC_ISA_USAGE = YES_ERROR;
				CLANG_WARN_EMPTY_BODY = YES;
				CLANG_WARN_ENUM_CONVERSION = YES;
				CLANG_WARN_INT_CONVERSION = YES;
				CLANG_WARN_OBJC_ROOT_CLASS = YES_ERROR;
				CLANG_WARN__DUPLICATE_METHOD_MATCH = YES;
				"CODE_SIGN_IDENTITY[sdk=iphoneos*]" = "iPhone Developer";
				COPY_PHASE_STRIP = YES;
				ENABLE_NS_ASSERTIONS = NO;
				GCC_C_LANGUAGE_STANDARD = gnu99;
				GCC_WARN_64_TO_32_BIT_CONVERSION = YES;
				GCC_WARN_ABOUT_RETURN_TYPE = YES_ERROR;
				GCC_WARN_UNDECLARED_SELECTOR = YES;
				GCC_WARN_UNINITIALIZED_AUTOS = YES;
				GCC_WARN_UNUSED_FUNCTION = YES;
				GCC_WARN_UNUSED_VARIABLE = YES;
				IPHONEOS_DEPLOYMENT_TARGET = 7.0;
				SDKROOT = iphoneos;
				VALIDATE_PRODUCT = YES;
			};
			name = Release;
		};
		6E10708A18859A2A002E245E /* Debug */ = {
			isa = XCBuildConfiguration;
			buildSettings = {
				ASSETCATALOG_COMPILER_APPICON_NAME = AppIcon;
				ASSETCATALOG_COMPILER_LAUNCHIMAGE_NAME = LaunchImage;
				GCC_PRECOMPILE_PREFIX_HEADER = YES;
				GCC_PREFIX_HEADER = "InsecureCryptographyDecryptor/InsecureCryptographyDecryptor-Prefix.pch";
				INFOPLIST_FILE = "InsecureCryptographyDecryptor/InsecureCryptographyDecryptor-Info.plist";
				PRODUCT_NAME = "$(TARGET_NAME)";
				WRAPPER_EXTENSION = app;
			};
			name = Debug;
		};
		6E10708B18859A2A002E245E /* Release */ = {
			isa = XCBuildConfiguration;
			buildSettings = {
				ASSETCATALOG_COMPILER_APPICON_NAME = AppIcon;
				ASSETCATALOG_COMPILER_LAUNCHIMAGE_NAME = LaunchImage;
				GCC_PRECOMPILE_PREFIX_HEADER = YES;
				GCC_PREFIX_HEADER = "InsecureCryptographyDecryptor/InsecureCryptographyDecryptor-Prefix.pch";
				INFOPLIST_FILE = "InsecureCryptographyDecryptor/InsecureCryptographyDecryptor-Info.plist";
				PRODUCT_NAME = "$(TARGET_NAME)";
				WRAPPER_EXTENSION = app;
			};
			name = Release;
		};
		6E10708D18859A2A002E245E /* Debug */ = {
			isa = XCBuildConfiguration;
			buildSettings = {
				ARCHS = "$(ARCHS_STANDARD_INCLUDING_64_BIT)";
				BUNDLE_LOADER = "$(BUILT_PRODUCTS_DIR)/InsecureCryptographyDecryptor.app/InsecureCryptographyDecryptor";
				FRAMEWORK_SEARCH_PATHS = (
					"$(SDKROOT)/Developer/Library/Frameworks",
					"$(inherited)",
					"$(DEVELOPER_FRAMEWORKS_DIR)",
				);
				GCC_PRECOMPILE_PREFIX_HEADER = YES;
				GCC_PREFIX_HEADER = "InsecureCryptographyDecryptor/InsecureCryptographyDecryptor-Prefix.pch";
				GCC_PREPROCESSOR_DEFINITIONS = (
					"DEBUG=1",
					"$(inherited)",
				);
				INFOPLIST_FILE = "InsecureCryptographyDecryptorTests/InsecureCryptographyDecryptorTests-Info.plist";
				PRODUCT_NAME = "$(TARGET_NAME)";
				TEST_HOST = "$(BUNDLE_LOADER)";
				WRAPPER_EXTENSION = xctest;
			};
			name = Debug;
		};
		6E10708E18859A2A002E245E /* Release */ = {
			isa = XCBuildConfiguration;
			buildSettings = {
				ARCHS = "$(ARCHS_STANDARD_INCLUDING_64_BIT)";
				BUNDLE_LOADER = "$(BUILT_PRODUCTS_DIR)/InsecureCryptographyDecryptor.app/InsecureCryptographyDecryptor";
				FRAMEWORK_SEARCH_PATHS = (
					"$(SDKROOT)/Developer/Library/Frameworks",
					"$(inherited)",
					"$(DEVELOPER_FRAMEWORKS_DIR)",
				);
				GCC_PRECOMPILE_PREFIX_HEADER = YES;
				GCC_PREFIX_HEADER = "InsecureCryptographyDecryptor/InsecureCryptographyDecryptor-Prefix.pch";
				INFOPLIST_FILE = "InsecureCryptographyDecryptorTests/InsecureCryptographyDecryptorTests-Info.plist";
				PRODUCT_NAME = "$(TARGET_NAME)";
				TEST_HOST = "$(BUNDLE_LOADER)";
				WRAPPER_EXTENSION = xctest;
			};
			name = Release;
		};
/* End XCBuildConfiguration section */

/* Begin XCConfigurationList section */
		6E10705218859A2A002E245E /* Build configuration list for PBXProject "InsecureCryptographyDecryptor" */ = {
			isa = XCConfigurationList;
			buildConfigurations = (
				6E10708718859A2A002E245E /* Debug */,
				6E10708818859A2A002E245E /* Release */,
			);
			defaultConfigurationIsVisible = 0;
			defaultConfigurationName = Release;
		};
		6E10708918859A2A002E245E /* Build configuration list for PBXNativeTarget "InsecureCryptographyDecryptor" */ = {
			isa = XCConfigurationList;
			buildConfigurations = (
				6E10708A18859A2A002E245E /* Debug */,
				6E10708B18859A2A002E245E /* Release */,
			);
			defaultConfigurationIsVisible = 0;
			defaultConfigurationName = Release;
		};
		6E10708C18859A2A002E245E /* Build configuration list for PBXNativeTarget "InsecureCryptographyDecryptorTests" */ = {
			isa = XCConfigurationList;
			buildConfigurations = (
				6E10708D18859A2A002E245E /* Debug */,
				6E10708E18859A2A002E245E /* Release */,
			);
			defaultConfigurationIsVisible = 0;
			defaultConfigurationName = Release;
		};
/* End XCConfigurationList section */
	};
	rootObject = 6E10704F18859A2A002E245E /* Project object */;
}
